
Microsoft Visual Studio Solution File, Format Version 12.00
# Visual Studio Version 16
VisualStudioVersion = 16.0.33529.622
MinimumVisualStudioVersion = 10.0.40219.1
Project("{FAE04EC0-301F-11D3-BF4B-00C04F79EFBC}") = "RazorPagesTutorial", "RazorPagesTutorial.csproj", "{9AA08827-0EFA-4C55-969D-690C6D659919}"
EndProject
Global
	GlobalSection(SolutionConfigurationPlatforms) = preSolution
		Debug|Any CPU = Debug|Any CPU
		Release|Any CPU = Release|Any CPU
	EndGlobalSection
	GlobalSection(ProjectConfigurationPlatforms) = postSolution
		{9AA08827-0EFA-4C55-969D-690C6D659919}.Debug|Any CPU.ActiveCfg = Debug|Any CPU
		{9AA08827-0EFA-4C55-969D-690C6D659919}.Debug|Any CPU.Build.0 = Debug|Any CPU
		{9AA08827-0EFA-4C55-969D-690C6D659919}.Release|Any CPU.ActiveCfg = Release|Any CPU
		{9AA08827-0EFA-4C55-969D-690C6D659919}.Release|Any CPU.Build.0 = Release|Any CPU
	EndGlobalSection
	GlobalSection(SolutionProperties) = preSolution
		HideSolutionNode = FALSE
	EndGlobalSection
	GlobalSection(ExtensibilityGlobals) = postSolution
		SolutionGuid = {0ECB1BBC-9883-4FDD-886E-2A571E589C26}
	EndGlobalSection
EndGlobal
