
Microsoft Visual Studio Solution File, Format Version 12.00
# Visual Studio Version 17
VisualStudioVersion = 17.4.33213.308
MinimumVisualStudioVersion = 10.0.40219.1
Project("{FAE04EC0-301F-11D3-BF4B-00C04F79EFBC}") = "FirstFullStackProject", "FirstFullStackProject.csproj", "{7B0AFF82-1A13-45D1-9A11-5B06B317DDCA}"
EndProject
Global
	GlobalSection(SolutionConfigurationPlatforms) = preSolution
		Debug|Any CPU = Debug|Any CPU
		Release|Any CPU = Release|Any CPU
	EndGlobalSection
	GlobalSection(ProjectConfigurationPlatforms) = postSolution
		{7B0AFF82-1A13-45D1-9A11-5B06B317DDCA}.Debug|Any CPU.ActiveCfg = Debug|Any CPU
		{7B0AFF82-1A13-45D1-9A11-5B06B317DDCA}.Debug|Any CPU.Build.0 = Debug|Any CPU
		{7B0AFF82-1A13-45D1-9A11-5B06B317DDCA}.Release|Any CPU.ActiveCfg = Release|Any CPU
		{7B0AFF82-1A13-45D1-9A11-5B06B317DDCA}.Release|Any CPU.Build.0 = Release|Any CPU
	EndGlobalSection
	GlobalSection(SolutionProperties) = preSolution
		HideSolutionNode = FALSE
	EndGlobalSection
	GlobalSection(ExtensibilityGlobals) = postSolution
		SolutionGuid = {A85AB87C-6048-4A57-B8EA-1A0350813AAA}
	EndGlobalSection
EndGlobal
