
Microsoft Visual Studio Solution File, Format Version 12.00
# Visual Studio Version 17
VisualStudioVersion = 17.4.33213.308
MinimumVisualStudioVersion = 10.0.40219.1
Project("{FAE04EC0-301F-11D3-BF4B-00C04F79EFBC}") = "WebApplication2", "WebApplication2.csproj", "{31834251-F317-4101-86A2-B21948A642DA}"
EndProject
Global
	GlobalSection(SolutionConfigurationPlatforms) = preSolution
		Debug|Any CPU = Debug|Any CPU
		Release|Any CPU = Release|Any CPU
	EndGlobalSection
	GlobalSection(ProjectConfigurationPlatforms) = postSolution
		{31834251-F317-4101-86A2-B21948A642DA}.Debug|Any CPU.ActiveCfg = Debug|Any CPU
		{31834251-F317-4101-86A2-B21948A642DA}.Debug|Any CPU.Build.0 = Debug|Any CPU
		{31834251-F317-4101-86A2-B21948A642DA}.Release|Any CPU.ActiveCfg = Release|Any CPU
		{31834251-F317-4101-86A2-B21948A642DA}.Release|Any CPU.Build.0 = Release|Any CPU
	EndGlobalSection
	GlobalSection(SolutionProperties) = preSolution
		HideSolutionNode = FALSE
	EndGlobalSection
	GlobalSection(ExtensibilityGlobals) = postSolution
		SolutionGuid = {E0643292-8461-43DE-BFBB-610B3028FDBD}
	EndGlobalSection
EndGlobal
